// !$*UTF8*$!
{
	archiveVersion = 1;
	classes = {
	};
	objectVersion = 46;
	objects = {

/* Begin PBXBuildFile section */
		660C14E11E0C37A70009994A /* AppDelegate.swift in Sources */ = {isa = PBXBuildFile; fileRef = 660C14E01E0C37A70009994A /* AppDelegate.swift */; };
		660C14E31E0C37A70009994A /* ViewController.swift in Sources */ = {isa = PBXBuildFile; fileRef = 660C14E21E0C37A70009994A /* ViewController.swift */; };
		660C14E61E0C37A70009994A /* Main.storyboard in Resources */ = {isa = PBXBuildFile; fileRef = 660C14E41E0C37A70009994A /* Main.storyboard */; };
		660C14E81E0C37A70009994A /* Assets.xcassets in Resources */ = {isa = PBXBuildFile; fileRef = 660C14E71E0C37A70009994A /* Assets.xcassets */; };
		660C14EB1E0C37A70009994A /* LaunchScreen.storyboard in Resources */ = {isa = PBXBuildFile; fileRef = 660C14E91E0C37A70009994A /* LaunchScreen.storyboard */; };
/* End PBXBuildFile section */

/* Begin PBXFileReference section */
		660C14DD1E0C37A70009994A /* gpaCalculator.app */ = {isa = PBXFileReference; explicitFileType = wrapper.application; includeInIndex = 0; path = gpaCalculator.app; sourceTree = BUILT_PRODUCTS_DIR; };
		660C14E01E0C37A70009994A /* AppDelegate.swift */ = {isa = PBXFileReference; lastKnownFileType = sourcecode.swift; path = AppDelegate.swift; sourceTree = "<group>"; };
		660C14E21E0C37A70009994A /* ViewController.swift */ = {isa = PBXFileReference; lastKnownFileType = sourcecode.swift; path = ViewController.swift; sourceTree = "<group>"; };
		660C14E51E0C37A70009994A /* Base */ = {isa = PBXFileReference; lastKnownFileType = file.storyboard; name = Base; path = Base.lproj/Main.storyboard; sourceTree = "<group>"; };
		660C14E71E0C37A70009994A /* Assets.xcassets */ = {isa = PBXFileReference; lastKnownFileType = folder.assetcatalog; path = Assets.xcassets; sourceTree = "<group>"; };
		660C14EA1E0C37A70009994A /* Base */ = {isa = PBXFileReference; lastKnownFileType = file.storyboard; name = Base; path = Base.lproj/LaunchScreen.storyboard; sourceTree = "<group>"; };
		660C14EC1E0C37A70009994A /* Info.plist */ = {isa = PBXFileReference; lastKnownFileType = text.plist.xml; path = Info.plist; sourceTree = "<group>"; };
/* End PBXFileReference section */

/* Begin PBXFrameworksBuildPhase section */
		660C14DA1E0C37A70009994A /* Frameworks */ = {
			isa = PBXFrameworksBuildPhase;
			buildActionMask = 2147483647;
			files = (
			);
			runOnlyForDeploymentPostprocessing = 0;
		};
/* End PBXFrameworksBuildPhase section */

/* Begin PBXGroup section */
		660C14D41E0C37A70009994A = {
			isa = PBXGroup;
			children = (
				660C14DF1E0C37A70009994A /* gpaCalculator */,
				660C14DE1E0C37A70009994A /* Products */,
			);
			sourceTree = "<group>";
		};
		660C14DE1E0C37A70009994A /* Products */ = {
			isa = PBXGroup;
			children = (
				660C14DD1E0C37A70009994A /* gpaCalculator.app */,
			);
			name = Products;
			sourceTree = "<group>";
		};
		660C14DF1E0C37A70009994A /* gpaCalculator */ = {
			isa = PBXGroup;
			children = (
				660C14E01E0C37A70009994A /* AppDelegate.swift */,
				660C14E21E0C37A70009994A /* ViewController.swift */,
				660C14E41E0C37A70009994A /* Main.storyboard */,
				660C14E71E0C37A70009994A /* Assets.xcassets */,
				660C14E91E0C37A70009994A /* LaunchScreen.storyboard */,
				660C14EC1E0C37A70009994A /* Info.plist */,
			);
			path = gpaCalculator;
			sourceTree = "<group>";
		};
/* End PBXGroup section */

/* Begin PBXNativeTarget section */
		660C14DC1E0C37A70009994A /* gpaCalculator */ = {
			isa = PBXNativeTarget;
			buildConfigurationList = 660C14EF1E0C37A70009994A /* Build configuration list for PBXNativeTarget "gpaCalculator" */;
			buildPhases = (
				660C14D91E0C37A70009994A /* Sources */,
				660C14DA1E0C37A70009994A /* Frameworks */,
				660C14DB1E0C37A70009994A /* Resources */,
			);
			buildRules = (
			);
			dependencies = (
			);
			name = gpaCalculator;
			productName = gpaCalculator;
			productReference = 660C14DD1E0C37A70009994A /* gpaCalculator.app */;
			productType = "com.apple.product-type.application";
		};
/* End PBXNativeTarget section */

/* Begin PBXProject section */
		660C14D51E0C37A70009994A /* Project object */ = {
			isa = PBXProject;
			attributes = {
				LastSwiftUpdateCheck = 0820;
				LastUpgradeCheck = 0820;
				ORGANIZATIONNAME = "Muzzammil Ahmed";
				TargetAttributes = {
					660C14DC1E0C37A70009994A = {
						CreatedOnToolsVersion = 8.2;
						DevelopmentTeam = KW42XQT5W5;
						ProvisioningStyle = Automatic;
					};
				};
			};
			buildConfigurationList = 660C14D81E0C37A70009994A /* Build configuration list for PBXProject "gpaCalculator" */;
			compatibilityVersion = "Xcode 3.2";
			developmentRegion = English;
			hasScannedForEncodings = 0;
			knownRegions = (
				en,
				Base,
			);
			mainGroup = 660C14D41E0C37A70009994A;
			productRefGroup = 660C14DE1E0C37A70009994A /* Products */;
			projectDirPath = "";
			projectRoot = "";
			targets = (
				660C14DC1E0C37A70009994A /* gpaCalculator */,
			);
		};
/* End PBXProject section */

/* Begin PBXResourcesBuildPhase section */
		660C14DB1E0C37A70009994A /* Resources */ = {
			isa = PBXResourcesBuildPhase;
			buildActionMask = 2147483647;
			files = (
				660C14EB1E0C37A70009994A /* LaunchScreen.storyboard in Resources */,
				660C14E81E0C37A70009994A /* Assets.xcassets in Resources */,
				660C14E61E0C37A70009994A /* Main.storyboard in Resources */,
			);
			runOnlyForDeploymentPostprocessing = 0;
		};
/* End PBXResourcesBuildPhase section */

/* Begin PBXSourcesBuildPhase section */
		660C14D91E0C37A70009994A /* Sources */ = {
			isa = PBXSourcesBuildPhase;
			buildActionMask = 2147483647;
			files = (
				660C14E31E0C37A70009994A /* ViewController.swift in Sources */,
				660C14E11E0C37A70009994A /* AppDelegate.swift in Sources */,
			);
			runOnlyForDeploymentPostprocessing = 0;
		};
/* End PBXSourcesBuildPhase section */

/* Begin PBXVariantGroup section */
		660C14E41E0C37A70009994A /* Main.storyboard */ = {
			isa = PBXVariantGroup;
			children = (
				660C14E51E0C37A70009994A /* Base */,
			);
			name = Main.storyboard;
			sourceTree = "<group>";
		};
		660C14E91E0C37A70009994A /* LaunchScreen.storyboard */ = {
			isa = PBXVariantGroup;
			children = (
				660C14EA1E0C37A70009994A /* Base */,
			);
			name = LaunchScreen.storyboard;
			sourceTree = "<group>";
		};
/* End PBXVariantGroup section */

/* Begin XCBuildConfiguration section */
		660C14ED1E0C37A70009994A /* Debug */ = {
			isa = XCBuildConfiguration;
			buildSettings = {
				ALWAYS_SEARCH_USER_PATHS = NO;
				CLANG_ANALYZER_NONNULL = YES;
				CLANG_CXX_LANGUAGE_STANDARD = "gnu++0x";
				CLANG_CXX_LIBRARY = "libc++";
				CLANG_ENABLE_MODULES = YES;
				CLANG_ENABLE_OBJC_ARC = YES;
				CLANG_WARN_BOOL_CONVERSION = YES;
				CLANG_WARN_CONSTANT_CONVERSION = YES;
				CLANG_WARN_DIRECT_OBJC_ISA_USAGE = YES_ERROR;
				CLANG_WARN_DOCUMENTATION_COMMENTS = YES;
				CLANG_WARN_EMPTY_BODY = YES;
				CLANG_WARN_ENUM_CONVERSION = YES;
				CLANG_WARN_INFINITE_RECURSION = YES;
				CLANG_WARN_INT_CONVERSION = YES;
				CLANG_WARN_OBJC_ROOT_CLASS = YES_ERROR;
				CLANG_WARN_SUSPICIOUS_MOVE = YES;
				CLANG_WARN_UNREACHABLE_CODE = YES;
				CLANG_WARN__DUPLICATE_METHOD_MATCH = YES;
				"CODE_SIGN_IDENTITY[sdk=iphoneos*]" = "iPhone Developer";
				COPY_PHASE_STRIP = NO;
				DEBUG_INFORMATION_FORMAT = dwarf;
				ENABLE_STRICT_OBJC_MSGSEND = YES;
				ENABLE_TESTABILITY = YES;
				GCC_C_LANGUAGE_STANDARD = gnu99;
				GCC_DYNAMIC_NO_PIC = NO;
				GCC_NO_COMMON_BLOCKS = YES;
				GCC_OPTIMIZATION_LEVEL = 0;
				GCC_PREPROCESSOR_DEFINITIONS = (
					"DEBUG=1",
					"$(inherited)",
				);
				GCC_WARN_64_TO_32_BIT_CONVERSION = YES;
				GCC_WARN_ABOUT_RETURN_TYPE = YES_ERROR;
				GCC_WARN_UNDECLARED_SELECTOR = YES;
				GCC_WARN_UNINITIALIZED_AUTOS = YES_AGGRESSIVE;
				GCC_WARN_UNUSED_FUNCTION = YES;
				GCC_WARN_UNUSED_VARIABLE = YES;
				IPHONEOS_DEPLOYMENT_TARGET = 10.2;
				MTL_ENABLE_DEBUG_INFO = YES;
				ONLY_ACTIVE_ARCH = YES;
				SDKROOT = iphoneos;
				SWIFT_ACTIVE_COMPILATION_CONDITIONS = DEBUG;
				SWIFT_OPTIMIZATION_LEVEL = "-Onone";
			};
			name = Debug;
		};
		660C14EE1E0C37A70009994A /* Release */ = {
			isa = XCBuildConfiguration;
			buildSettings = {
				ALWAYS_SEARCH_USER_PATHS = NO;
				CLANG_ANALYZER_NONNULL = YES;
				CLANG_CXX_LANGUAGE_STANDARD = "gnu++0x";
				CLANG_CXX_LIBRARY = "libc++";
				CLANG_ENABLE_MODULES = YES;
				CLANG_ENABLE_OBJC_ARC = YES;
				CLANG_WARN_BOOL_CONVERSION = YES;
				CLANG_WARN_CONSTANT_CONVERSION = YES;
				CLANG_WARN_DIRECT_OBJC_ISA_USAGE = YES_ERROR;
				CLANG_WARN_DOCUMENTATION_COMMENTS = YES;
				CLANG_WARN_EMPTY_BODY = YES;
				CLANG_WARN_ENUM_CONVERSION = YES;
				CLANG_WARN_INFINITE_RECURSION = YES;
				CLANG_WARN_INT_CONVERSION = YES;
				CLANG_WARN_OBJC_ROOT_CLASS = YES_ERROR;
				CLANG_WARN_SUSPICIOUS_MOVE = YES;
				CLANG_WARN_UNREACHABLE_CODE = YES;
				CLANG_WARN__DUPLICATE_METHOD_MATCH = YES;
				"CODE_SIGN_IDENTITY[sdk=iphoneos*]" = "iPhone Developer";
				COPY_PHASE_STRIP = NO;
				DEBUG_INFORMATION_FORMAT = "dwarf-with-dsym";
				ENABLE_NS_ASSERTIONS = NO;
				ENABLE_STRICT_OBJC_MSGSEND = YES;
				GCC_C_LANGUAGE_STANDARD = gnu99;
				GCC_NO_COMMON_BLOCKS = YES;
				GCC_WARN_64_TO_32_BIT_CONVERSION = YES;
				GCC_WARN_ABOUT_RETURN_TYPE = YES_ERROR;
				GCC_WARN_UNDECLARED_SELECTOR = YES;
				GCC_WARN_UNINITIALIZED_AUTOS = YES_AGGRESSIVE;
				GCC_WARN_UNUSED_FUNCTION = YES;
				GCC_WARN_UNUSED_VARIABLE = YES;
				IPHONEOS_DEPLOYMENT_TARGET = 10.2;
				MTL_ENABLE_DEBUG_INFO = NO;
				SDKROOT = iphoneos;
				SWIFT_OPTIMIZATION_LEVEL = "-Owholemodule";
				VALIDATE_PRODUCT = YES;
			};
			name = Release;
		};
		660C14F01E0C37A70009994A /* Debug */ = {
			isa = XCBuildConfiguration;
			buildSettings = {
				ASSETCATALOG_COMPILER_APPICON_NAME = AppIcon;
				DEVELOPMENT_TEAM = KW42XQT5W5;
				INFOPLIST_FILE = gpaCalculator/Info.plist;
				IPHONEOS_DEPLOYMENT_TARGET = 9.3;
				LD_RUNPATH_SEARCH_PATHS = "$(inherited) @executable_path/Frameworks";
				PRODUCT_BUNDLE_IDENTIFIER = com.MuzzammilAhmed.gpaCalculator;
				PRODUCT_NAME = "$(TARGET_NAME)";
				SWIFT_VERSION = 3.0;
			};
			name = Debug;
		};
		660C14F11E0C37A70009994A /* Release */ = {
			isa = XCBuildConfiguration;
			buildSettings = {
				ASSETCATALOG_COMPILER_APPICON_NAME = AppIcon;
				DEVELOPMENT_TEAM = KW42XQT5W5;
				INFOPLIST_FILE = gpaCalculator/Info.plist;
				IPHONEOS_DEPLOYMENT_TARGET = 9.3;
				LD_RUNPATH_SEARCH_PATHS = "$(inherited) @executable_path/Frameworks";
				PRODUCT_BUNDLE_IDENTIFIER = com.MuzzammilAhmed.gpaCalculator;
				PRODUCT_NAME = "$(TARGET_NAME)";
				SWIFT_VERSION = 3.0;
			};
			name = Release;
		};
/* End XCBuildConfiguration section */

/* Begin XCConfigurationList section */
		660C14D81E0C37A70009994A /* Build configuration list for PBXProject "gpaCalculator" */ = {
			isa = XCConfigurationList;
			buildConfigurations = (
				660C14ED1E0C37A70009994A /* Debug */,
				660C14EE1E0C37A70009994A /* Release */,
			);
			defaultConfigurationIsVisible = 0;
			defaultConfigurationName = Release;
		};
		660C14EF1E0C37A70009994A /* Build configuration list for PBXNativeTarget "gpaCalculator" */ = {
			isa = XCConfigurationList;
			buildConfigurations = (
				660C14F01E0C37A70009994A /* Debug */,
				660C14F11E0C37A70009994A /* Release */,
			);
			defaultConfigurationIsVisible = 0;
		};
/* End XCConfigurationList section */
	};
	rootObject = 660C14D51E0C37A70009994A /* Project object */;
}
